{
	"name": "vlquery",
	"version": "8.0.0",
	"lockfileVersion": 2,
	"requires": true,
	"packages": {
		"": {
			"name": "vlquery",
			"version": "8.0.0",
			"license": "GPL-3.0-only",
			"dependencies": {
				"esprima": "^4.0.1",
				"postgrejs": "^2.22.9"
			},
			"bin": {
				"vlquery": "bin/vlquery.js"
			},
			"devDependencies": {
				"@types/node": "^25.0.3",
				"typescript": "^5.9.3"
			}
		},
		"node_modules/@jsopen/objects": {
			"version": "2.0.2",
			"resolved": "https://registry.npmjs.org/@jsopen/objects/-/objects-2.0.2.tgz",
			"integrity": "sha512-Tge8cYTbIMJ0dh7SF+UuWYL0ItFSG/paqqSVUdutQCb+AvkrfzqCMffQwgltAIvXbag8qXUrqofs5L7/KEoOdA==",
			"dependencies": {
				"tslib": "^2.8.1"
			},
			"engines": {
				"node": ">= 16.0"
			}
		},
		"node_modules/@types/node": {
			"version": "25.0.3",
			"resolved": "https://registry.npmjs.org/@types/node/-/node-25.0.3.tgz",
			"integrity": "sha512-W609buLVRVmeW693xKfzHeIV6nJGGz98uCPfeXI1ELMLXVeKYZ9m15fAMSaUPBHYLGFsVRcMmSCksQOrZV9BYA==",
			"dev": true,
			"dependencies": {
				"undici-types": "~7.16.0"
			}
		},
		"node_modules/doublylinked": {
			"version": "2.5.6",
			"resolved": "https://registry.npmjs.org/doublylinked/-/doublylinked-2.5.6.tgz",
			"integrity": "sha512-oskbNBycNHjQ0Zg/5DMYiqFnSeblM2BSc2Ehu5+PyBay0ESlullPp0YEjlwtG3QtN4Fb7hC9USJqNyTMftl/1A==",
			"engines": {
				"node": ">= 16.0"
			}
		},
		"node_modules/esprima": {
			"version": "4.0.1",
			"resolved": "https://registry.npmjs.org/esprima/-/esprima-4.0.1.tgz",
			"integrity": "sha512-eGuFFw7Upda+g4p+QHvnW0RyTX/SVeJBDM/gCtMARO0cLuT2HcEKnTPvhjV6aGeqrCB/sbNop0Kszm0jsaWU4A==",
			"bin": {
				"esparse": "bin/esparse.js",
				"esvalidate": "bin/esvalidate.js"
			},
			"engines": {
				"node": ">=4"
			}
		},
		"node_modules/lightning-pool": {
			"version": "4.12.0",
			"resolved": "https://registry.npmjs.org/lightning-pool/-/lightning-pool-4.12.0.tgz",
			"integrity": "sha512-NhOG/z76tdbjlXP/tjbV2Ihja/gbvHuk7Imt6fHkYt7h0cNyFOYbfQfiOXt+cvXC01bCzTvyAmZx9G6WDQB7Xg==",
			"dependencies": {
				"doublylinked": "^2.5.6",
				"putil-promisify": "^1.10.1",
				"tslib": "^2.8.1"
			}
		},
		"node_modules/obuf": {
			"version": "1.1.2",
			"resolved": "https://registry.npmjs.org/obuf/-/obuf-1.1.2.tgz",
			"integrity": "sha512-PX1wu0AmAdPqOL1mWhqmlOd8kOIZQwGZw6rh7uby9fTc5lhaOWFLX3I6R1hrF9k3zUY40e6igsLGkDXK92LJNg=="
		},
		"node_modules/postgrejs": {
			"version": "2.22.9",
			"resolved": "https://registry.npmjs.org/postgrejs/-/postgrejs-2.22.9.tgz",
			"integrity": "sha512-0/6xdHWy0V5HocYgcH2wtaejd4q3MC5E1YOdneAjMAqbKcPBHQ8twM4UR4DuEBzGfxrC7/biwNMI3spwyUvWzA==",
			"dependencies": {
				"@jsopen/objects": "^2.0.2",
				"doublylinked": "^2.5.6",
				"lightning-pool": "^4.12.0",
				"postgres-bytea": "^3.0.0",
				"power-tasks": "^1.11.1",
				"putil-promisify": "^1.10.1",
				"putil-varhelpers": "^1.6.5",
				"tslib": "^2.8.1"
			},
			"engines": {
				"node": ">=16.0"
			}
		},
		"node_modules/postgres-bytea": {
			"version": "3.0.0",
			"resolved": "https://registry.npmjs.org/postgres-bytea/-/postgres-bytea-3.0.0.tgz",
			"integrity": "sha512-CNd4jim9RFPkObHSjVHlVrxoVQXz7quwNFpz7RY1okNNme49+sVyiTvTRobiLV548Hx/hb1BG+iE7h9493WzFw==",
			"dependencies": {
				"obuf": "~1.1.2"
			},
			"engines": {
				"node": ">= 6"
			}
		},
		"node_modules/power-tasks": {
			"version": "1.11.1",
			"resolved": "https://registry.npmjs.org/power-tasks/-/power-tasks-1.11.1.tgz",
			"integrity": "sha512-HrU2R+Fl2ICttjrhTpmy8tzdbcfsEXqB3eak2UAr+JPidiWeohWGVOqe+4+HnqitZIX14ofVpu/2IUCNjEo1dw==",
			"dependencies": {
				"doublylinked": "^2.5.4",
				"strict-typed-events": "^2.8.0",
				"tslib": "^2.6.3"
			},
			"engines": {
				"node": ">=16.0"
			}
		},
		"node_modules/putil-promisify": {
			"version": "1.10.1",
			"resolved": "https://registry.npmjs.org/putil-promisify/-/putil-promisify-1.10.1.tgz",
			"integrity": "sha512-1jm0egJNrj5eBDRj15Cg08RNHDV91OVEHeeYjAFRcs663PXxFokndxcJAGbaO6CSErCTp8eTgC8vuOF+fvXIAA==",
			"engines": {
				"node": ">= 14.0"
			}
		},
		"node_modules/putil-varhelpers": {
			"version": "1.6.5",
			"resolved": "https://registry.npmjs.org/putil-varhelpers/-/putil-varhelpers-1.6.5.tgz",
			"integrity": "sha512-kyu+lE5xkc65ScgaIi6rNONLXeS7jGBxl1I0rzHVsFGAAQ45D/VkuEev+t09PFB943F+CqdWFLczH6ePk5TPAA==",
			"engines": {
				"node": ">= 6.0"
			}
		},
		"node_modules/strict-typed-events": {
			"version": "2.8.0",
			"resolved": "https://registry.npmjs.org/strict-typed-events/-/strict-typed-events-2.8.0.tgz",
			"integrity": "sha512-mDCPe06HIzzDliG09N9ypPvx2nDgAFl3IDJe8NNCoViDWYh0E98+02WJdZnUSFWiUphaRbUDbDksg/SgiaEBDA==",
			"dependencies": {
				"putil-promisify": "^1.10.1",
				"ts-gems": "^3.5.0",
				"tslib": "^2.6.3"
			},
			"engines": {
				"node": ">=16.0"
			}
		},
		"node_modules/ts-gems": {
			"version": "3.11.3",
			"resolved": "https://registry.npmjs.org/ts-gems/-/ts-gems-3.11.3.tgz",
			"integrity": "sha512-zEAkPUvP9L7f6SmzXq3mtKnRr6nbWt2vMdGl2NO0b1stHFFtKcmNxZKLHyv5889gOp3InI4ki2WaZAtz85OJBg=="
		},
		"node_modules/tslib": {
			"version": "2.8.1",
			"resolved": "https://registry.npmjs.org/tslib/-/tslib-2.8.1.tgz",
			"integrity": "sha512-oJFu94HQb+KVduSUQL7wnpmqnfmLsOA/nAh6b6EH0wCEoK0/mPeXU6c3wKDV83MkOuHPRHtSXKKU99IBazS/2w=="
		},
		"node_modules/typescript": {
			"version": "5.9.3",
			"resolved": "https://registry.npmjs.org/typescript/-/typescript-5.9.3.tgz",
			"integrity": "sha512-jl1vZzPDinLr9eUt3J/t7V6FgNEw9QjvBPdysz9KfQDD41fQrC2Y4vKQdiaUpFT4bXlb1RHhLpp8wtm6M5TgSw==",
			"dev": true,
			"bin": {
				"tsc": "bin/tsc",
				"tsserver": "bin/tsserver"
			},
			"engines": {
				"node": ">=14.17"
			}
		},
		"node_modules/undici-types": {
			"version": "7.16.0",
			"resolved": "https://registry.npmjs.org/undici-types/-/undici-types-7.16.0.tgz",
			"integrity": "sha512-Zz+aZWSj8LE6zoxD+xrjh4VfkIG8Ya6LvYkZqtUQGJPZjYl53ypCaUwWqo7eI0x66KBGeRo+mlBEkMSeSZ38Nw==",
			"dev": true
		}
	},
	"dependencies": {
		"@jsopen/objects": {
			"version": "2.0.2",
			"resolved": "https://registry.npmjs.org/@jsopen/objects/-/objects-2.0.2.tgz",
			"integrity": "sha512-Tge8cYTbIMJ0dh7SF+UuWYL0ItFSG/paqqSVUdutQCb+AvkrfzqCMffQwgltAIvXbag8qXUrqofs5L7/KEoOdA==",
			"requires": {
				"tslib": "^2.8.1"
			}
		},
		"@types/node": {
			"version": "25.0.3",
			"resolved": "https://registry.npmjs.org/@types/node/-/node-25.0.3.tgz",
			"integrity": "sha512-W609buLVRVmeW693xKfzHeIV6nJGGz98uCPfeXI1ELMLXVeKYZ9m15fAMSaUPBHYLGFsVRcMmSCksQOrZV9BYA==",
			"dev": true,
			"requires": {
				"undici-types": "~7.16.0"
			}
		},
		"doublylinked": {
			"version": "2.5.6",
			"resolved": "https://registry.npmjs.org/doublylinked/-/doublylinked-2.5.6.tgz",
			"integrity": "sha512-oskbNBycNHjQ0Zg/5DMYiqFnSeblM2BSc2Ehu5+PyBay0ESlullPp0YEjlwtG3QtN4Fb7hC9USJqNyTMftl/1A=="
		},
		"esprima": {
			"version": "4.0.1",
			"resolved": "https://registry.npmjs.org/esprima/-/esprima-4.0.1.tgz",
			"integrity": "sha512-eGuFFw7Upda+g4p+QHvnW0RyTX/SVeJBDM/gCtMARO0cLuT2HcEKnTPvhjV6aGeqrCB/sbNop0Kszm0jsaWU4A=="
		},
		"lightning-pool": {
			"version": "4.12.0",
			"resolved": "https://registry.npmjs.org/lightning-pool/-/lightning-pool-4.12.0.tgz",
			"integrity": "sha512-NhOG/z76tdbjlXP/tjbV2Ihja/gbvHuk7Imt6fHkYt7h0cNyFOYbfQfiOXt+cvXC01bCzTvyAmZx9G6WDQB7Xg==",
			"requires": {
				"doublylinked": "^2.5.6",
				"putil-promisify": "^1.10.1",
				"tslib": "^2.8.1"
			}
		},
		"obuf": {
			"version": "1.1.2",
			"resolved": "https://registry.npmjs.org/obuf/-/obuf-1.1.2.tgz",
			"integrity": "sha512-PX1wu0AmAdPqOL1mWhqmlOd8kOIZQwGZw6rh7uby9fTc5lhaOWFLX3I6R1hrF9k3zUY40e6igsLGkDXK92LJNg=="
		},
		"postgrejs": {
			"version": "2.22.9",
			"resolved": "https://registry.npmjs.org/postgrejs/-/postgrejs-2.22.9.tgz",
			"integrity": "sha512-0/6xdHWy0V5HocYgcH2wtaejd4q3MC5E1YOdneAjMAqbKcPBHQ8twM4UR4DuEBzGfxrC7/biwNMI3spwyUvWzA==",
			"requires": {
				"@jsopen/objects": "^2.0.2",
				"doublylinked": "^2.5.6",
				"lightning-pool": "^4.12.0",
				"postgres-bytea": "^3.0.0",
				"power-tasks": "^1.11.1",
				"putil-promisify": "^1.10.1",
				"putil-varhelpers": "^1.6.5",
				"tslib": "^2.8.1"
			}
		},
		"postgres-bytea": {
			"version": "3.0.0",
			"resolved": "https://registry.npmjs.org/postgres-bytea/-/postgres-bytea-3.0.0.tgz",
			"integrity": "sha512-CNd4jim9RFPkObHSjVHlVrxoVQXz7quwNFpz7RY1okNNme49+sVyiTvTRobiLV548Hx/hb1BG+iE7h9493WzFw==",
			"requires": {
				"obuf": "~1.1.2"
			}
		},
		"power-tasks": {
			"version": "1.11.1",
			"resolved": "https://registry.npmjs.org/power-tasks/-/power-tasks-1.11.1.tgz",
			"integrity": "sha512-HrU2R+Fl2ICttjrhTpmy8tzdbcfsEXqB3eak2UAr+JPidiWeohWGVOqe+4+HnqitZIX14ofVpu/2IUCNjEo1dw==",
			"requires": {
				"doublylinked": "^2.5.4",
				"strict-typed-events": "^2.8.0",
				"tslib": "^2.6.3"
			}
		},
		"putil-promisify": {
			"version": "1.10.1",
			"resolved": "https://registry.npmjs.org/putil-promisify/-/putil-promisify-1.10.1.tgz",
			"integrity": "sha512-1jm0egJNrj5eBDRj15Cg08RNHDV91OVEHeeYjAFRcs663PXxFokndxcJAGbaO6CSErCTp8eTgC8vuOF+fvXIAA=="
		},
		"putil-varhelpers": {
			"version": "1.6.5",
			"resolved": "https://registry.npmjs.org/putil-varhelpers/-/putil-varhelpers-1.6.5.tgz",
			"integrity": "sha512-kyu+lE5xkc65ScgaIi6rNONLXeS7jGBxl1I0rzHVsFGAAQ45D/VkuEev+t09PFB943F+CqdWFLczH6ePk5TPAA=="
		},
		"strict-typed-events": {
			"version": "2.8.0",
			"resolved": "https://registry.npmjs.org/strict-typed-events/-/strict-typed-events-2.8.0.tgz",
			"integrity": "sha512-mDCPe06HIzzDliG09N9ypPvx2nDgAFl3IDJe8NNCoViDWYh0E98+02WJdZnUSFWiUphaRbUDbDksg/SgiaEBDA==",
			"requires": {
				"putil-promisify": "^1.10.1",
				"ts-gems": "^3.5.0",
				"tslib": "^2.6.3"
			}
		},
		"ts-gems": {
			"version": "3.11.3",
			"resolved": "https://registry.npmjs.org/ts-gems/-/ts-gems-3.11.3.tgz",
			"integrity": "sha512-zEAkPUvP9L7f6SmzXq3mtKnRr6nbWt2vMdGl2NO0b1stHFFtKcmNxZKLHyv5889gOp3InI4ki2WaZAtz85OJBg=="
		},
		"tslib": {
			"version": "2.8.1",
			"resolved": "https://registry.npmjs.org/tslib/-/tslib-2.8.1.tgz",
			"integrity": "sha512-oJFu94HQb+KVduSUQL7wnpmqnfmLsOA/nAh6b6EH0wCEoK0/mPeXU6c3wKDV83MkOuHPRHtSXKKU99IBazS/2w=="
		},
		"typescript": {
			"version": "5.9.3",
			"resolved": "https://registry.npmjs.org/typescript/-/typescript-5.9.3.tgz",
			"integrity": "sha512-jl1vZzPDinLr9eUt3J/t7V6FgNEw9QjvBPdysz9KfQDD41fQrC2Y4vKQdiaUpFT4bXlb1RHhLpp8wtm6M5TgSw==",
			"dev": true
		},
		"undici-types": {
			"version": "7.16.0",
			"resolved": "https://registry.npmjs.org/undici-types/-/undici-types-7.16.0.tgz",
			"integrity": "sha512-Zz+aZWSj8LE6zoxD+xrjh4VfkIG8Ya6LvYkZqtUQGJPZjYl53ypCaUwWqo7eI0x66KBGeRo+mlBEkMSeSZ38Nw==",
			"dev": true
		}
	}
}
